
Microsoft Visual Studio Solution File, Format Version 12.00
# Visual Studio Version 17
VisualStudioVersion = 17.14.36414.22
MinimumVisualStudioVersion = 10.0.40219.1
Project("{FAE04EC0-301F-11D3-BF4B-00C04F79EFBC}") = "Catalog.API", "Services\Catalog\Catalog.API\Catalog.API.csproj", "{33FC5A32-CDDC-EE43-9CA6-483EA2BFBE99}"
EndProject
Project("{FAE04EC0-301F-11D3-BF4B-00C04F79EFBC}") = "Catalog.Application", "Services\Catalog\Catalog.Application\Catalog.Application.csproj", "{7AF192A4-A426-E927-1503-04215261B7CE}"
EndProject
Project("{FAE04EC0-301F-11D3-BF4B-00C04F79EFBC}") = "Catalog.Core", "Services\Catalog\Catalog.Core\Catalog.Core.csproj", "{933516A9-9F57-2D21-E1E7-AF9010E10C9E}"
EndProject
Project("{FAE04EC0-301F-11D3-BF4B-00C04F79EFBC}") = "Catalog.Infrastructure", "Services\Catalog\Catalog.Infrastructure\Catalog.Infrastructure.csproj", "{16468A74-CF1C-F71D-E8A6-9333559A2163}"
EndProject
Project("{FAE04EC0-301F-11D3-BF4B-00C04F79EFBC}") = "Basket.API", "Services\Basket\Basket.API\Basket.API.csproj", "{EC2E425C-45AF-4E09-9557-50885C2889B2}"
EndProject
Project("{2150E333-8FDC-42A3-9474-1A3956D46DE8}") = "Services", "Services", "{02EA681E-C7D8-13C7-8484-4AC65E1B71E8}"
EndProject
Project("{2150E333-8FDC-42A3-9474-1A3956D46DE8}") = "Catalog", "Catalog", "{11E2690F-3240-42FD-AD9C-1F14C217EED8}"
EndProject
Project("{2150E333-8FDC-42A3-9474-1A3956D46DE8}") = "Basket", "Basket", "{F351848E-D716-4F04-B645-448477317DC8}"
EndProject
Project("{FAE04EC0-301F-11D3-BF4B-00C04F79EFBC}") = "Basket.Core", "Services\Basket\Basket.Core\Basket.Core.csproj", "{B9980451-710F-4CBB-8B16-2A899E0E01CE}"
EndProject
Project("{FAE04EC0-301F-11D3-BF4B-00C04F79EFBC}") = "Basket.Application", "Services\Basket\Basket.Application\Basket.Application.csproj", "{9F58AAEE-41AE-4C39-B11E-93D0EE13F460}"
EndProject
Project("{FAE04EC0-301F-11D3-BF4B-00C04F79EFBC}") = "Basket.Infrastructure", "Services\Basket\Basket.Infrastructure\Basket.Infrastructure.csproj", "{ABF89837-D6ED-41BC-9620-9FB564A5C6EE}"
EndProject
Project("{E53339B2-1760-4266-BCC7-CA923CBCF16C}") = "docker-compose", "docker-compose.dcproj", "{81DDED9D-158B-E303-5F62-77A2896D2A5A}"
EndProject
Project("{2150E333-8FDC-42A3-9474-1A3956D46DE8}") = "Discount", "Discount", "{16DA33BE-210B-49B0-850C-4D9053932B53}"
EndProject
Project("{FAE04EC0-301F-11D3-BF4B-00C04F79EFBC}") = "Discount.API", "Services\Discount\Discount.API\Discount.API.csproj", "{A5F0A172-168A-41E8-990E-DB9EFA427EF2}"
EndProject
Project("{FAE04EC0-301F-11D3-BF4B-00C04F79EFBC}") = "Discount.Application", "Services\Discount\Discount.Application\Discount.Application.csproj", "{F9DE7E08-F9ED-4185-B1DA-3B15C934E3E8}"
EndProject
Project("{FAE04EC0-301F-11D3-BF4B-00C04F79EFBC}") = "Discount.Core", "Services\Discount\Discount.Core\Discount.Core.csproj", "{FB775CC4-CD4A-46C5-AB5A-3CFFB7663AED}"
EndProject
Project("{FAE04EC0-301F-11D3-BF4B-00C04F79EFBC}") = "Discount.Infrastructure", "Services\Discount\Discount.Infrastructure\Discount.Infrastructure.csproj", "{A504DB8D-B65D-47B1-9F1A-185192D38BDD}"
EndProject
Project("{2150E333-8FDC-42A3-9474-1A3956D46DE8}") = "Ordering", "Ordering", "{DEC44E46-4A82-4C39-A2F5-B30EA6D0353C}"
EndProject
Project("{FAE04EC0-301F-11D3-BF4B-00C04F79EFBC}") = "Ordering.API", "Services\Ordering\Ordering.API\Ordering.API.csproj", "{D59CDE5A-2336-41E8-9F94-53171AFED844}"
EndProject
Project("{FAE04EC0-301F-11D3-BF4B-00C04F79EFBC}") = "Ordering.Core", "Services\Ordering\Ordering.Core\Ordering.Core.csproj", "{F74E78C7-CE81-4A8E-B11C-2B7281D7E888}"
EndProject
Project("{FAE04EC0-301F-11D3-BF4B-00C04F79EFBC}") = "Ordering.Application", "Services\Ordering\Ordering.Application\Ordering.Application.csproj", "{C6ABC407-483A-421F-9E0F-EAC5EA13C6C8}"
EndProject
Project("{FAE04EC0-301F-11D3-BF4B-00C04F79EFBC}") = "Ordering.Infrastructure", "Services\Ordering\Ordering.Infrastructure\Ordering.Infrastructure.csproj", "{AE0C425E-51D7-4821-BC07-DC28083E79E4}"
EndProject
Project("{2150E333-8FDC-42A3-9474-1A3956D46DE8}") = "Infrastructure", "Infrastructure", "{1EF23BCE-B9C1-4F27-8EE2-398C17342908}"
EndProject
Project("{FAE04EC0-301F-11D3-BF4B-00C04F79EFBC}") = "EventBus.Messages", "Infrastructure\EventBus.Messages\EventBus.Messages.csproj", "{DB4CDE4A-9C4A-42E0-A097-C194FD5D268D}"
EndProject
Project("{FAE04EC0-301F-11D3-BF4B-00C04F79EFBC}") = "Common.Lgging", "Infrastructure\Common.Lgging\Common.Lgging.csproj", "{707FB137-9FD5-428E-885B-15940D28F0A2}"
EndProject
Global
	GlobalSection(SolutionConfigurationPlatforms) = preSolution
		Debug|Any CPU = Debug|Any CPU
		Release|Any CPU = Release|Any CPU
	EndGlobalSection
	GlobalSection(ProjectConfigurationPlatforms) = postSolution
		{33FC5A32-CDDC-EE43-9CA6-483EA2BFBE99}.Debug|Any CPU.ActiveCfg = Debug|Any CPU
		{33FC5A32-CDDC-EE43-9CA6-483EA2BFBE99}.Debug|Any CPU.Build.0 = Debug|Any CPU
		{33FC5A32-CDDC-EE43-9CA6-483EA2BFBE99}.Release|Any CPU.ActiveCfg = Release|Any CPU
		{33FC5A32-CDDC-EE43-9CA6-483EA2BFBE99}.Release|Any CPU.Build.0 = Release|Any CPU
		{7AF192A4-A426-E927-1503-04215261B7CE}.Debug|Any CPU.ActiveCfg = Debug|Any CPU
		{7AF192A4-A426-E927-1503-04215261B7CE}.Debug|Any CPU.Build.0 = Debug|Any CPU
		{7AF192A4-A426-E927-1503-04215261B7CE}.Release|Any CPU.ActiveCfg = Release|Any CPU
		{7AF192A4-A426-E927-1503-04215261B7CE}.Release|Any CPU.Build.0 = Release|Any CPU
		{933516A9-9F57-2D21-E1E7-AF9010E10C9E}.Debug|Any CPU.ActiveCfg = Debug|Any CPU
		{933516A9-9F57-2D21-E1E7-AF9010E10C9E}.Debug|Any CPU.Build.0 = Debug|Any CPU
		{933516A9-9F57-2D21-E1E7-AF9010E10C9E}.Release|Any CPU.ActiveCfg = Release|Any CPU
		{933516A9-9F57-2D21-E1E7-AF9010E10C9E}.Release|Any CPU.Build.0 = Release|Any CPU
		{16468A74-CF1C-F71D-E8A6-9333559A2163}.Debug|Any CPU.ActiveCfg = Debug|Any CPU
		{16468A74-CF1C-F71D-E8A6-9333559A2163}.Debug|Any CPU.Build.0 = Debug|Any CPU
		{16468A74-CF1C-F71D-E8A6-9333559A2163}.Release|Any CPU.ActiveCfg = Release|Any CPU
		{16468A74-CF1C-F71D-E8A6-9333559A2163}.Release|Any CPU.Build.0 = Release|Any CPU
		{EC2E425C-45AF-4E09-9557-50885C2889B2}.Debug|Any CPU.ActiveCfg = Debug|Any CPU
		{EC2E425C-45AF-4E09-9557-50885C2889B2}.Debug|Any CPU.Build.0 = Debug|Any CPU
		{EC2E425C-45AF-4E09-9557-50885C2889B2}.Release|Any CPU.ActiveCfg = Release|Any CPU
		{EC2E425C-45AF-4E09-9557-50885C2889B2}.Release|Any CPU.Build.0 = Release|Any CPU
		{B9980451-710F-4CBB-8B16-2A899E0E01CE}.Debug|Any CPU.ActiveCfg = Debug|Any CPU
		{B9980451-710F-4CBB-8B16-2A899E0E01CE}.Debug|Any CPU.Build.0 = Debug|Any CPU
		{B9980451-710F-4CBB-8B16-2A899E0E01CE}.Release|Any CPU.ActiveCfg = Release|Any CPU
		{B9980451-710F-4CBB-8B16-2A899E0E01CE}.Release|Any CPU.Build.0 = Release|Any CPU
		{9F58AAEE-41AE-4C39-B11E-93D0EE13F460}.Debug|Any CPU.ActiveCfg = Debug|Any CPU
		{9F58AAEE-41AE-4C39-B11E-93D0EE13F460}.Debug|Any CPU.Build.0 = Debug|Any CPU
		{9F58AAEE-41AE-4C39-B11E-93D0EE13F460}.Release|Any CPU.ActiveCfg = Release|Any CPU
		{9F58AAEE-41AE-4C39-B11E-93D0EE13F460}.Release|Any CPU.Build.0 = Release|Any CPU
		{ABF89837-D6ED-41BC-9620-9FB564A5C6EE}.Debug|Any CPU.ActiveCfg = Debug|Any CPU
		{ABF89837-D6ED-41BC-9620-9FB564A5C6EE}.Debug|Any CPU.Build.0 = Debug|Any CPU
		{ABF89837-D6ED-41BC-9620-9FB564A5C6EE}.Release|Any CPU.ActiveCfg = Release|Any CPU
		{ABF89837-D6ED-41BC-9620-9FB564A5C6EE}.Release|Any CPU.Build.0 = Release|Any CPU
		{81DDED9D-158B-E303-5F62-77A2896D2A5A}.Debug|Any CPU.ActiveCfg = Debug|Any CPU
		{81DDED9D-158B-E303-5F62-77A2896D2A5A}.Debug|Any CPU.Build.0 = Debug|Any CPU
		{81DDED9D-158B-E303-5F62-77A2896D2A5A}.Release|Any CPU.ActiveCfg = Release|Any CPU
		{81DDED9D-158B-E303-5F62-77A2896D2A5A}.Release|Any CPU.Build.0 = Release|Any CPU
		{A5F0A172-168A-41E8-990E-DB9EFA427EF2}.Debug|Any CPU.ActiveCfg = Debug|Any CPU
		{A5F0A172-168A-41E8-990E-DB9EFA427EF2}.Debug|Any CPU.Build.0 = Debug|Any CPU
		{A5F0A172-168A-41E8-990E-DB9EFA427EF2}.Release|Any CPU.ActiveCfg = Release|Any CPU
		{A5F0A172-168A-41E8-990E-DB9EFA427EF2}.Release|Any CPU.Build.0 = Release|Any CPU
		{F9DE7E08-F9ED-4185-B1DA-3B15C934E3E8}.Debug|Any CPU.ActiveCfg = Debug|Any CPU
		{F9DE7E08-F9ED-4185-B1DA-3B15C934E3E8}.Debug|Any CPU.Build.0 = Debug|Any CPU
		{F9DE7E08-F9ED-4185-B1DA-3B15C934E3E8}.Release|Any CPU.ActiveCfg = Release|Any CPU
		{F9DE7E08-F9ED-4185-B1DA-3B15C934E3E8}.Release|Any CPU.Build.0 = Release|Any CPU
		{FB775CC4-CD4A-46C5-AB5A-3CFFB7663AED}.Debug|Any CPU.ActiveCfg = Debug|Any CPU
		{FB775CC4-CD4A-46C5-AB5A-3CFFB7663AED}.Debug|Any CPU.Build.0 = Debug|Any CPU
		{FB775CC4-CD4A-46C5-AB5A-3CFFB7663AED}.Release|Any CPU.ActiveCfg = Release|Any CPU
		{FB775CC4-CD4A-46C5-AB5A-3CFFB7663AED}.Release|Any CPU.Build.0 = Release|Any CPU
		{A504DB8D-B65D-47B1-9F1A-185192D38BDD}.Debug|Any CPU.ActiveCfg = Debug|Any CPU
		{A504DB8D-B65D-47B1-9F1A-185192D38BDD}.Debug|Any CPU.Build.0 = Debug|Any CPU
		{A504DB8D-B65D-47B1-9F1A-185192D38BDD}.Release|Any CPU.ActiveCfg = Release|Any CPU
		{A504DB8D-B65D-47B1-9F1A-185192D38BDD}.Release|Any CPU.Build.0 = Release|Any CPU
		{D59CDE5A-2336-41E8-9F94-53171AFED844}.Debug|Any CPU.ActiveCfg = Debug|Any CPU
		{D59CDE5A-2336-41E8-9F94-53171AFED844}.Debug|Any CPU.Build.0 = Debug|Any CPU
		{D59CDE5A-2336-41E8-9F94-53171AFED844}.Release|Any CPU.ActiveCfg = Release|Any CPU
		{D59CDE5A-2336-41E8-9F94-53171AFED844}.Release|Any CPU.Build.0 = Release|Any CPU
		{F74E78C7-CE81-4A8E-B11C-2B7281D7E888}.Debug|Any CPU.ActiveCfg = Debug|Any CPU
		{F74E78C7-CE81-4A8E-B11C-2B7281D7E888}.Debug|Any CPU.Build.0 = Debug|Any CPU
		{F74E78C7-CE81-4A8E-B11C-2B7281D7E888}.Release|Any CPU.ActiveCfg = Release|Any CPU
		{F74E78C7-CE81-4A8E-B11C-2B7281D7E888}.Release|Any CPU.Build.0 = Release|Any CPU
		{C6ABC407-483A-421F-9E0F-EAC5EA13C6C8}.Debug|Any CPU.ActiveCfg = Debug|Any CPU
		{C6ABC407-483A-421F-9E0F-EAC5EA13C6C8}.Debug|Any CPU.Build.0 = Debug|Any CPU
		{C6ABC407-483A-421F-9E0F-EAC5EA13C6C8}.Release|Any CPU.ActiveCfg = Release|Any CPU
		{C6ABC407-483A-421F-9E0F-EAC5EA13C6C8}.Release|Any CPU.Build.0 = Release|Any CPU
		{AE0C425E-51D7-4821-BC07-DC28083E79E4}.Debug|Any CPU.ActiveCfg = Debug|Any CPU
		{AE0C425E-51D7-4821-BC07-DC28083E79E4}.Debug|Any CPU.Build.0 = Debug|Any CPU
		{AE0C425E-51D7-4821-BC07-DC28083E79E4}.Release|Any CPU.ActiveCfg = Release|Any CPU
		{AE0C425E-51D7-4821-BC07-DC28083E79E4}.Release|Any CPU.Build.0 = Release|Any CPU
		{DB4CDE4A-9C4A-42E0-A097-C194FD5D268D}.Debug|Any CPU.ActiveCfg = Debug|Any CPU
		{DB4CDE4A-9C4A-42E0-A097-C194FD5D268D}.Debug|Any CPU.Build.0 = Debug|Any CPU
		{DB4CDE4A-9C4A-42E0-A097-C194FD5D268D}.Release|Any CPU.ActiveCfg = Release|Any CPU
		{DB4CDE4A-9C4A-42E0-A097-C194FD5D268D}.Release|Any CPU.Build.0 = Release|Any CPU
		{707FB137-9FD5-428E-885B-15940D28F0A2}.Debug|Any CPU.ActiveCfg = Debug|Any CPU
		{707FB137-9FD5-428E-885B-15940D28F0A2}.Debug|Any CPU.Build.0 = Debug|Any CPU
		{707FB137-9FD5-428E-885B-15940D28F0A2}.Release|Any CPU.ActiveCfg = Release|Any CPU
		{707FB137-9FD5-428E-885B-15940D28F0A2}.Release|Any CPU.Build.0 = Release|Any CPU
	EndGlobalSection
	GlobalSection(SolutionProperties) = preSolution
		HideSolutionNode = FALSE
	EndGlobalSection
	GlobalSection(NestedProjects) = preSolution
		{33FC5A32-CDDC-EE43-9CA6-483EA2BFBE99} = {11E2690F-3240-42FD-AD9C-1F14C217EED8}
		{7AF192A4-A426-E927-1503-04215261B7CE} = {11E2690F-3240-42FD-AD9C-1F14C217EED8}
		{933516A9-9F57-2D21-E1E7-AF9010E10C9E} = {11E2690F-3240-42FD-AD9C-1F14C217EED8}
		{16468A74-CF1C-F71D-E8A6-9333559A2163} = {11E2690F-3240-42FD-AD9C-1F14C217EED8}
		{EC2E425C-45AF-4E09-9557-50885C2889B2} = {F351848E-D716-4F04-B645-448477317DC8}
		{11E2690F-3240-42FD-AD9C-1F14C217EED8} = {02EA681E-C7D8-13C7-8484-4AC65E1B71E8}
		{F351848E-D716-4F04-B645-448477317DC8} = {02EA681E-C7D8-13C7-8484-4AC65E1B71E8}
		{B9980451-710F-4CBB-8B16-2A899E0E01CE} = {F351848E-D716-4F04-B645-448477317DC8}
		{9F58AAEE-41AE-4C39-B11E-93D0EE13F460} = {F351848E-D716-4F04-B645-448477317DC8}
		{ABF89837-D6ED-41BC-9620-9FB564A5C6EE} = {F351848E-D716-4F04-B645-448477317DC8}
		{16DA33BE-210B-49B0-850C-4D9053932B53} = {02EA681E-C7D8-13C7-8484-4AC65E1B71E8}
		{A5F0A172-168A-41E8-990E-DB9EFA427EF2} = {16DA33BE-210B-49B0-850C-4D9053932B53}
		{F9DE7E08-F9ED-4185-B1DA-3B15C934E3E8} = {16DA33BE-210B-49B0-850C-4D9053932B53}
		{FB775CC4-CD4A-46C5-AB5A-3CFFB7663AED} = {16DA33BE-210B-49B0-850C-4D9053932B53}
		{A504DB8D-B65D-47B1-9F1A-185192D38BDD} = {16DA33BE-210B-49B0-850C-4D9053932B53}
		{DEC44E46-4A82-4C39-A2F5-B30EA6D0353C} = {02EA681E-C7D8-13C7-8484-4AC65E1B71E8}
		{D59CDE5A-2336-41E8-9F94-53171AFED844} = {DEC44E46-4A82-4C39-A2F5-B30EA6D0353C}
		{F74E78C7-CE81-4A8E-B11C-2B7281D7E888} = {DEC44E46-4A82-4C39-A2F5-B30EA6D0353C}
		{C6ABC407-483A-421F-9E0F-EAC5EA13C6C8} = {DEC44E46-4A82-4C39-A2F5-B30EA6D0353C}
		{AE0C425E-51D7-4821-BC07-DC28083E79E4} = {DEC44E46-4A82-4C39-A2F5-B30EA6D0353C}
		{DB4CDE4A-9C4A-42E0-A097-C194FD5D268D} = {1EF23BCE-B9C1-4F27-8EE2-398C17342908}
		{707FB137-9FD5-428E-885B-15940D28F0A2} = {1EF23BCE-B9C1-4F27-8EE2-398C17342908}
	EndGlobalSection
	GlobalSection(ExtensibilityGlobals) = postSolution
		SolutionGuid = {35AF80F3-4982-4ECA-8184-467A36AB3E28}
	EndGlobalSection
EndGlobal
